
Microsoft Visual Studio Solution File, Format Version 12.00
# Visual Studio Version 16
VisualStudioVersion = 16.0.30114.105
MinimumVisualStudioVersion = 10.0.40219.1
Project("{FAE04EC0-301F-11D3-BF4B-00C04F79EFBC}") = "FrisbyTest", "FrisbyTest.csproj", "{86509906-6C44-4E42-97E0-7A76D2AFA0FC}"
EndProject
Global
	GlobalSection(SolutionConfigurationPlatforms) = preSolution
		Debug|Any CPU = Debug|Any CPU
		Release|Any CPU = Release|Any CPU
	EndGlobalSection
	GlobalSection(ProjectConfigurationPlatforms) = postSolution
		{86509906-6C44-4E42-97E0-7A76D2AFA0FC}.Debug|Any CPU.ActiveCfg = Debug|Any CPU
		{86509906-6C44-4E42-97E0-7A76D2AFA0FC}.Debug|Any CPU.Build.0 = Debug|Any CPU
		{86509906-6C44-4E42-97E0-7A76D2AFA0FC}.Release|Any CPU.ActiveCfg = Release|Any CPU
		{86509906-6C44-4E42-97E0-7A76D2AFA0FC}.Release|Any CPU.Build.0 = Release|Any CPU
	EndGlobalSection
	GlobalSection(SolutionProperties) = preSolution
		HideSolutionNode = FALSE
	EndGlobalSection
	GlobalSection(ExtensibilityGlobals) = postSolution
		SolutionGuid = {BB5CA84A-15B3-4E4D-8DD0-932A76080838}
	EndGlobalSection
EndGlobal
